<?xml version="1.0" encoding="UTF-8"?>
<!DOCTYPE plist PUBLIC "-//Apple//DTD PLIST 1.0//EN" "http://www.apple.com/DTDs/PropertyList-1.0.dtd">
<plist version="1.0">
<dict>
	<key>archiveVersion</key>
	<string>1</string>
	<key>classes</key>
	<dict/>
	<key>objectVersion</key>
	<string>46</string>
	<key>objects</key>
	<dict>
		<key>722D361C25C44099A4F9930D</key>
		<dict>
			<key>includeInIndex</key>
			<string>1</string>
			<key>isa</key>
			<string>PBXFileReference</string>
			<key>lastKnownFileType</key>
			<string>text.xcconfig</string>
			<key>name</key>
			<string>Pods.xcconfig</string>
			<key>path</key>
			<string>Pods/Pods.xcconfig</string>
			<key>sourceTree</key>
			<string>&lt;group&gt;</string>
		</dict>
		<key>75B4338DFBC74F18AD3488AB</key>
		<dict>
			<key>buildActionMask</key>
			<string>2147483647</string>
			<key>files</key>
			<array/>
			<key>inputPaths</key>
			<array/>
			<key>isa</key>
			<string>PBXShellScriptBuildPhase</string>
			<key>name</key>
			<string>Check Pods Manifest.lock</string>
			<key>outputPaths</key>
			<array/>
			<key>runOnlyForDeploymentPostprocessing</key>
			<string>0</string>
			<key>shellPath</key>
			<string>/bin/sh</string>
			<key>shellScript</key>
			<string>diff "${PODS_ROOT}/../Podfile.lock" "${PODS_ROOT}/Manifest.lock" &gt; /dev/null
if [[ $? != 0 ]] ; then
    cat &lt;&lt; EOM
error: The sandbox is not in sync with the Podfile.lock. Run 'pod install' or update your CocoaPods installation.
EOM
    exit 1
fi
</string>
			<key>showEnvVarsInLog</key>
			<string>0</string>
		</dict>
		<key>99207A5BDB484EB3962D7299</key>
		<dict>
			<key>explicitFileType</key>
			<string>archive.ar</string>
			<key>includeInIndex</key>
			<string>0</string>
			<key>isa</key>
			<string>PBXFileReference</string>
			<key>path</key>
			<string>libPods.a</string>
			<key>sourceTree</key>
			<string>BUILT_PRODUCTS_DIR</string>
		</dict>
		<key>D2BF575B1980EAFC00DC8DD6</key>
		<dict>
			<key>children</key>
			<array>
				<string>D2BF576D1980EAFC00DC8DD6</string>
				<string>D2BF576E1980EAFC00DC8DD6</string>
				<string>D2BF578F1980EAFD00DC8DD6</string>
				<string>D2BF57661980EAFC00DC8DD6</string>
				<string>D2BF57651980EAFC00DC8DD6</string>
				<string>722D361C25C44099A4F9930D</string>
			</array>
			<key>isa</key>
			<string>PBXGroup</string>
			<key>sourceTree</key>
			<string>&lt;group&gt;</string>
		</dict>
		<key>D2BF575C1980EAFC00DC8DD6</key>
		<dict>
			<key>attributes</key>
			<dict>
				<key>CLASSPREFIX</key>
				<string>TM</string>
				<key>LastUpgradeCheck</key>
				<string>0510</string>
				<key>ORGANIZATIONNAME</key>
				<string>Thahir</string>
				<key>TargetAttributes</key>
				<dict>
					<key>D2BF57871980EAFD00DC8DD6</key>
					<dict>
						<key>TestTargetID</key>
						<string>D2BF57631980EAFC00DC8DD6</string>
					</dict>
				</dict>
			</dict>
			<key>buildConfigurationList</key>
			<string>D2BF575F1980EAFC00DC8DD6</string>
			<key>compatibilityVersion</key>
			<string>Xcode 3.2</string>
			<key>developmentRegion</key>
			<string>English</string>
			<key>hasScannedForEncodings</key>
			<string>0</string>
			<key>isa</key>
			<string>PBXProject</string>
			<key>knownRegions</key>
			<array>
				<string>en</string>
				<string>Base</string>
			</array>
			<key>mainGroup</key>
			<string>D2BF575B1980EAFC00DC8DD6</string>
			<key>productRefGroup</key>
			<string>D2BF57651980EAFC00DC8DD6</string>
			<key>projectDirPath</key>
			<string></string>
			<key>projectReferences</key>
			<array/>
			<key>projectRoot</key>
			<string></string>
			<key>targets</key>
			<array>
				<string>D2BF57631980EAFC00DC8DD6</string>
				<string>D2BF57871980EAFD00DC8DD6</string>
			</array>
		</dict>
		<key>D2BF575F1980EAFC00DC8DD6</key>
		<dict>
			<key>buildConfigurations</key>
			<array>
				<string>D2BF57971980EAFD00DC8DD6</string>
				<string>D2BF57981980EAFD00DC8DD6</string>
			</array>
			<key>defaultConfigurationIsVisible</key>
			<string>0</string>
			<key>defaultConfigurationName</key>
			<string>Release</string>
			<key>isa</key>
			<string>XCConfigurationList</string>
		</dict>
		<key>D2BF57601980EAFC00DC8DD6</key>
		<dict>
			<key>buildActionMask</key>
			<string>2147483647</string>
			<key>files</key>
			<array>
				<string>D2BF57A61980EF5F00DC8DD6</string>
				<string>D2BF57741980EAFC00DC8DD6</string>
				<string>D2BF57AA1980EF8300DC8DD6</string>
				<string>D2BF57781980EAFD00DC8DD6</string>
				<string>D2BF57B71980F48900DC8DD6</string>
			</array>
			<key>isa</key>
			<string>PBXSourcesBuildPhase</string>
			<key>runOnlyForDeploymentPostprocessing</key>
			<string>0</string>
		</dict>
		<key>D2BF57611980EAFC00DC8DD6</key>
		<dict>
			<key>buildActionMask</key>
			<string>2147483647</string>
			<key>files</key>
			<array>
				<string>D2BF576A1980EAFC00DC8DD6</string>
				<string>D2BF576C1980EAFC00DC8DD6</string>
				<string>D2BF57681980EAFC00DC8DD6</string>
				<string>DEFE6918E5DB40C19293DDD8</string>
			</array>
			<key>isa</key>
			<string>PBXFrameworksBuildPhase</string>
			<key>runOnlyForDeploymentPostprocessing</key>
			<string>0</string>
		</dict>
		<key>D2BF57621980EAFC00DC8DD6</key>
		<dict>
			<key>buildActionMask</key>
			<string>2147483647</string>
			<key>files</key>
			<array>
				<string>D2BF57831980EAFD00DC8DD6</string>
				<string>D2BF57721980EAFC00DC8DD6</string>
				<string>D2BF577B1980EAFD00DC8DD6</string>
			</array>
			<key>isa</key>
			<string>PBXResourcesBuildPhase</string>
			<key>runOnlyForDeploymentPostprocessing</key>
			<string>0</string>
		</dict>
		<key>D2BF57631980EAFC00DC8DD6</key>
		<dict>
			<key>buildConfigurationList</key>
			<string>D2BF57991980EAFD00DC8DD6</string>
			<key>buildPhases</key>
			<array>
				<string>75B4338DFBC74F18AD3488AB</string>
				<string>D2BF57601980EAFC00DC8DD6</string>
				<string>D2BF57611980EAFC00DC8DD6</string>
				<string>D2BF57621980EAFC00DC8DD6</string>
				<string>DE34A3574B124FA2BBE4B213</string>
			</array>
			<key>buildRules</key>
			<array/>
			<key>dependencies</key>
			<array/>
			<key>isa</key>
			<string>PBXNativeTarget</string>
			<key>name</key>
			<string>BasicReactiveMVVM</string>
			<key>productName</key>
			<string>BasicReactiveMVVM</string>
			<key>productReference</key>
			<string>D2BF57641980EAFC00DC8DD6</string>
			<key>productType</key>
			<string>com.apple.product-type.application</string>
		</dict>
		<key>D2BF57641980EAFC00DC8DD6</key>
		<dict>
			<key>explicitFileType</key>
			<string>wrapper.application</string>
			<key>includeInIndex</key>
			<string>0</string>
			<key>isa</key>
			<string>PBXFileReference</string>
			<key>path</key>
			<string>BasicReactiveMVVM.app</string>
			<key>sourceTree</key>
			<string>BUILT_PRODUCTS_DIR</string>
		</dict>
		<key>D2BF57651980EAFC00DC8DD6</key>
		<dict>
			<key>children</key>
			<array>
				<string>D2BF57641980EAFC00DC8DD6</string>
				<string>D2BF57881980EAFD00DC8DD6</string>
			</array>
			<key>isa</key>
			<string>PBXGroup</string>
			<key>name</key>
			<string>Products</string>
			<key>sourceTree</key>
			<string>&lt;group&gt;</string>
		</dict>
		<key>D2BF57661980EAFC00DC8DD6</key>
		<dict>
			<key>children</key>
			<array>
				<string>D2BF57671980EAFC00DC8DD6</string>
				<string>D2BF57691980EAFC00DC8DD6</string>
				<string>D2BF576B1980EAFC00DC8DD6</string>
				<string>D2BF57891980EAFD00DC8DD6</string>
				<string>99207A5BDB484EB3962D7299</string>
			</array>
			<key>isa</key>
			<string>PBXGroup</string>
			<key>name</key>
			<string>Frameworks</string>
			<key>sourceTree</key>
			<string>&lt;group&gt;</string>
		</dict>
		<key>D2BF57671980EAFC00DC8DD6</key>
		<dict>
			<key>isa</key>
			<string>PBXFileReference</string>
			<key>lastKnownFileType</key>
			<string>wrapper.framework</string>
			<key>name</key>
			<string>Foundation.framework</string>
			<key>path</key>
			<string>System/Library/Frameworks/Foundation.framework</string>
			<key>sourceTree</key>
			<string>SDKROOT</string>
		</dict>
		<key>D2BF57681980EAFC00DC8DD6</key>
		<dict>
			<key>fileRef</key>
			<string>D2BF57671980EAFC00DC8DD6</string>
			<key>isa</key>
			<string>PBXBuildFile</string>
		</dict>
		<key>D2BF57691980EAFC00DC8DD6</key>
		<dict>
			<key>isa</key>
			<string>PBXFileReference</string>
			<key>lastKnownFileType</key>
			<string>wrapper.framework</string>
			<key>name</key>
			<string>CoreGraphics.framework</string>
			<key>path</key>
			<string>System/Library/Frameworks/CoreGraphics.framework</string>
			<key>sourceTree</key>
			<string>SDKROOT</string>
		</dict>
		<key>D2BF576A1980EAFC00DC8DD6</key>
		<dict>
			<key>fileRef</key>
			<string>D2BF57691980EAFC00DC8DD6</string>
			<key>isa</key>
			<string>PBXBuildFile</string>
		</dict>
		<key>D2BF576B1980EAFC00DC8DD6</key>
		<dict>
			<key>isa</key>
			<string>PBXFileReference</string>
			<key>lastKnownFileType</key>
			<string>wrapper.framework</string>
			<key>name</key>
			<string>UIKit.framework</string>
			<key>path</key>
			<string>System/Library/Frameworks/UIKit.framework</string>
			<key>sourceTree</key>
			<string>SDKROOT</string>
		</dict>
		<key>D2BF576C1980EAFC00DC8DD6</key>
		<dict>
			<key>fileRef</key>
			<string>D2BF576B1980EAFC00DC8DD6</string>
			<key>isa</key>
			<string>PBXBuildFile</string>
		</dict>
		<key>D2BF576D1980EAFC00DC8DD6</key>
		<dict>
			<key>children</key>
			<array>
				<string>D2BF57761980EAFC00DC8DD6</string>
				<string>D2BF57771980EAFD00DC8DD6</string>
				<string>D2BF57791980EAFD00DC8DD6</string>
				<string>D2BF579F1980ED6D00DC8DD6</string>
				<string>D2BF57A11980ED7600DC8DD6</string>
				<string>D2BF57A01980ED7300DC8DD6</string>
			</array>
			<key>isa</key>
			<string>PBXGroup</string>
			<key>path</key>
			<string>BasicReactiveMVVM</string>
			<key>sourceTree</key>
			<string>&lt;group&gt;</string>
		</dict>
		<key>D2BF576E1980EAFC00DC8DD6</key>
		<dict>
			<key>children</key>
			<array>
				<string>D2BF57821980EAFD00DC8DD6</string>
				<string>D2BF576F1980EAFC00DC8DD6</string>
				<string>D2BF57701980EAFC00DC8DD6</string>
				<string>D2BF57731980EAFC00DC8DD6</string>
				<string>D2BF57751980EAFC00DC8DD6</string>
			</array>
			<key>isa</key>
			<string>PBXGroup</string>
			<key>name</key>
			<string>Supporting Files</string>
			<key>path</key>
			<string>BasicReactiveMVVM</string>
			<key>sourceTree</key>
			<string>&lt;group&gt;</string>
		</dict>
		<key>D2BF576F1980EAFC00DC8DD6</key>
		<dict>
			<key>isa</key>
			<string>PBXFileReference</string>
			<key>lastKnownFileType</key>
			<string>text.plist.xml</string>
			<key>path</key>
			<string>BasicReactiveMVVM-Info.plist</string>
			<key>sourceTree</key>
			<string>&lt;group&gt;</string>
		</dict>
		<key>D2BF57701980EAFC00DC8DD6</key>
		<dict>
			<key>children</key>
			<array>
				<string>D2BF57711980EAFC00DC8DD6</string>
			</array>
			<key>isa</key>
			<string>PBXVariantGroup</string>
			<key>name</key>
			<string>InfoPlist.strings</string>
			<key>sourceTree</key>
			<string>&lt;group&gt;</string>
		</dict>
		<key>D2BF57711980EAFC00DC8DD6</key>
		<dict>
			<key>isa</key>
			<string>PBXFileReference</string>
			<key>lastKnownFileType</key>
			<string>text.plist.strings</string>
			<key>name</key>
			<string>en</string>
			<key>path</key>
			<string>en.lproj/InfoPlist.strings</string>
			<key>sourceTree</key>
			<string>&lt;group&gt;</string>
		</dict>
		<key>D2BF57721980EAFC00DC8DD6</key>
		<dict>
			<key>fileRef</key>
			<string>D2BF57701980EAFC00DC8DD6</string>
			<key>isa</key>
			<string>PBXBuildFile</string>
		</dict>
		<key>D2BF57731980EAFC00DC8DD6</key>
		<dict>
			<key>isa</key>
			<string>PBXFileReference</string>
			<key>lastKnownFileType</key>
			<string>sourcecode.c.objc</string>
			<key>path</key>
			<string>main.m</string>
			<key>sourceTree</key>
			<string>&lt;group&gt;</string>
		</dict>
		<key>D2BF57741980EAFC00DC8DD6</key>
		<dict>
			<key>fileRef</key>
			<string>D2BF57731980EAFC00DC8DD6</string>
			<key>isa</key>
			<string>PBXBuildFile</string>
		</dict>
		<key>D2BF57751980EAFC00DC8DD6</key>
		<dict>
			<key>isa</key>
			<string>PBXFileReference</string>
			<key>lastKnownFileType</key>
			<string>sourcecode.c.h</string>
			<key>path</key>
			<string>BasicReactiveMVVM-Prefix.pch</string>
			<key>sourceTree</key>
			<string>&lt;group&gt;</string>
		</dict>
		<key>D2BF57761980EAFC00DC8DD6</key>
		<dict>
			<key>isa</key>
			<string>PBXFileReference</string>
			<key>lastKnownFileType</key>
			<string>sourcecode.c.h</string>
			<key>path</key>
			<string>TMAppDelegate.h</string>
			<key>sourceTree</key>
			<string>&lt;group&gt;</string>
		</dict>
		<key>D2BF57771980EAFD00DC8DD6</key>
		<dict>
			<key>isa</key>
			<string>PBXFileReference</string>
			<key>lastKnownFileType</key>
			<string>sourcecode.c.objc</string>
			<key>path</key>
			<string>TMAppDelegate.m</string>
			<key>sourceTree</key>
			<string>&lt;group&gt;</string>
		</dict>
		<key>D2BF57781980EAFD00DC8DD6</key>
		<dict>
			<key>fileRef</key>
			<string>D2BF57771980EAFD00DC8DD6</string>
			<key>isa</key>
			<string>PBXBuildFile</string>
		</dict>
		<key>D2BF57791980EAFD00DC8DD6</key>
		<dict>
			<key>children</key>
			<array>
				<string>D2BF577A1980EAFD00DC8DD6</string>
			</array>
			<key>isa</key>
			<string>PBXVariantGroup</string>
			<key>name</key>
			<string>Main.storyboard</string>
			<key>sourceTree</key>
			<string>&lt;group&gt;</string>
		</dict>
		<key>D2BF577A1980EAFD00DC8DD6</key>
		<dict>
			<key>isa</key>
			<string>PBXFileReference</string>
			<key>lastKnownFileType</key>
			<string>file.storyboard</string>
			<key>name</key>
			<string>Base</string>
			<key>path</key>
			<string>Base.lproj/Main.storyboard</string>
			<key>sourceTree</key>
			<string>&lt;group&gt;</string>
		</dict>
		<key>D2BF577B1980EAFD00DC8DD6</key>
		<dict>
			<key>fileRef</key>
			<string>D2BF57791980EAFD00DC8DD6</string>
			<key>isa</key>
			<string>PBXBuildFile</string>
		</dict>
		<key>D2BF57821980EAFD00DC8DD6</key>
		<dict>
			<key>isa</key>
			<string>PBXFileReference</string>
			<key>lastKnownFileType</key>
			<string>folder.assetcatalog</string>
			<key>path</key>
			<string>Images.xcassets</string>
			<key>sourceTree</key>
			<string>&lt;group&gt;</string>
		</dict>
		<key>D2BF57831980EAFD00DC8DD6</key>
		<dict>
			<key>fileRef</key>
			<string>D2BF57821980EAFD00DC8DD6</string>
			<key>isa</key>
			<string>PBXBuildFile</string>
		</dict>
		<key>D2BF57841980EAFD00DC8DD6</key>
		<dict>
			<key>buildActionMask</key>
			<string>2147483647</string>
			<key>files</key>
			<array>
				<string>D2BF57961980EAFD00DC8DD6</string>
			</array>
			<key>isa</key>
			<string>PBXSourcesBuildPhase</string>
			<key>runOnlyForDeploymentPostprocessing</key>
			<string>0</string>
		</dict>
		<key>D2BF57851980EAFD00DC8DD6</key>
		<dict>
			<key>buildActionMask</key>
			<string>2147483647</string>
			<key>files</key>
			<array>
				<string>D2BF578A1980EAFD00DC8DD6</string>
				<string>D2BF578C1980EAFD00DC8DD6</string>
				<string>D2BF578B1980EAFD00DC8DD6</string>
			</array>
			<key>isa</key>
			<string>PBXFrameworksBuildPhase</string>
			<key>runOnlyForDeploymentPostprocessing</key>
			<string>0</string>
		</dict>
		<key>D2BF57861980EAFD00DC8DD6</key>
		<dict>
			<key>buildActionMask</key>
			<string>2147483647</string>
			<key>files</key>
			<array>
				<string>D2BF57941980EAFD00DC8DD6</string>
			</array>
			<key>isa</key>
			<string>PBXResourcesBuildPhase</string>
			<key>runOnlyForDeploymentPostprocessing</key>
			<string>0</string>
		</dict>
		<key>D2BF57871980EAFD00DC8DD6</key>
		<dict>
			<key>buildConfigurationList</key>
			<string>D2BF579C1980EAFD00DC8DD6</string>
			<key>buildPhases</key>
			<array>
				<string>D2BF57841980EAFD00DC8DD6</string>
				<string>D2BF57851980EAFD00DC8DD6</string>
				<string>D2BF57861980EAFD00DC8DD6</string>
			</array>
			<key>buildRules</key>
			<array/>
			<key>dependencies</key>
			<array>
				<string>D2BF578E1980EAFD00DC8DD6</string>
			</array>
			<key>isa</key>
			<string>PBXNativeTarget</string>
			<key>name</key>
			<string>BasicReactiveMVVMTests</string>
			<key>productName</key>
			<string>BasicReactiveMVVMTests</string>
			<key>productReference</key>
			<string>D2BF57881980EAFD00DC8DD6</string>
			<key>productType</key>
			<string>com.apple.product-type.bundle.unit-test</string>
		</dict>
		<key>D2BF57881980EAFD00DC8DD6</key>
		<dict>
			<key>explicitFileType</key>
			<string>wrapper.cfbundle</string>
			<key>includeInIndex</key>
			<string>0</string>
			<key>isa</key>
			<string>PBXFileReference</string>
			<key>path</key>
			<string>BasicReactiveMVVMTests.xctest</string>
			<key>sourceTree</key>
			<string>BUILT_PRODUCTS_DIR</string>
		</dict>
		<key>D2BF57891980EAFD00DC8DD6</key>
		<dict>
			<key>isa</key>
			<string>PBXFileReference</string>
			<key>lastKnownFileType</key>
			<string>wrapper.framework</string>
			<key>name</key>
			<string>XCTest.framework</string>
			<key>path</key>
			<string>Library/Frameworks/XCTest.framework</string>
			<key>sourceTree</key>
			<string>DEVELOPER_DIR</string>
		</dict>
		<key>D2BF578A1980EAFD00DC8DD6</key>
		<dict>
			<key>fileRef</key>
			<string>D2BF57891980EAFD00DC8DD6</string>
			<key>isa</key>
			<string>PBXBuildFile</string>
		</dict>
		<key>D2BF578B1980EAFD00DC8DD6</key>
		<dict>
			<key>fileRef</key>
			<string>D2BF57671980EAFC00DC8DD6</string>
			<key>isa</key>
			<string>PBXBuildFile</string>
		</dict>
		<key>D2BF578C1980EAFD00DC8DD6</key>
		<dict>
			<key>fileRef</key>
			<string>D2BF576B1980EAFC00DC8DD6</string>
			<key>isa</key>
			<string>PBXBuildFile</string>
		</dict>
		<key>D2BF578D1980EAFD00DC8DD6</key>
		<dict>
			<key>containerPortal</key>
			<string>D2BF575C1980EAFC00DC8DD6</string>
			<key>isa</key>
			<string>PBXContainerItemProxy</string>
			<key>proxyType</key>
			<string>1</string>
			<key>remoteGlobalIDString</key>
			<string>D2BF57631980EAFC00DC8DD6</string>
			<key>remoteInfo</key>
			<string>BasicReactiveMVVM</string>
		</dict>
		<key>D2BF578E1980EAFD00DC8DD6</key>
		<dict>
			<key>isa</key>
			<string>PBXTargetDependency</string>
			<key>target</key>
			<string>D2BF57631980EAFC00DC8DD6</string>
			<key>targetProxy</key>
			<string>D2BF578D1980EAFD00DC8DD6</string>
		</dict>
		<key>D2BF578F1980EAFD00DC8DD6</key>
		<dict>
			<key>children</key>
			<array>
				<string>D2BF57951980EAFD00DC8DD6</string>
				<string>D2BF57901980EAFD00DC8DD6</string>
			</array>
			<key>isa</key>
			<string>PBXGroup</string>
			<key>path</key>
			<string>BasicReactiveMVVMTests</string>
			<key>sourceTree</key>
			<string>&lt;group&gt;</string>
		</dict>
		<key>D2BF57901980EAFD00DC8DD6</key>
		<dict>
			<key>children</key>
			<array>
				<string>D2BF57911980EAFD00DC8DD6</string>
				<string>D2BF57921980EAFD00DC8DD6</string>
			</array>
			<key>isa</key>
			<string>PBXGroup</string>
			<key>name</key>
			<string>Supporting Files</string>
			<key>sourceTree</key>
			<string>&lt;group&gt;</string>
		</dict>
		<key>D2BF57911980EAFD00DC8DD6</key>
		<dict>
			<key>isa</key>
			<string>PBXFileReference</string>
			<key>lastKnownFileType</key>
			<string>text.plist.xml</string>
			<key>path</key>
			<string>BasicReactiveMVVMTests-Info.plist</string>
			<key>sourceTree</key>
			<string>&lt;group&gt;</string>
		</dict>
		<key>D2BF57921980EAFD00DC8DD6</key>
		<dict>
			<key>children</key>
			<array>
				<string>D2BF57931980EAFD00DC8DD6</string>
			</array>
			<key>isa</key>
			<string>PBXVariantGroup</string>
			<key>name</key>
			<string>InfoPlist.strings</string>
			<key>sourceTree</key>
			<string>&lt;group&gt;</string>
		</dict>
		<key>D2BF57931980EAFD00DC8DD6</key>
		<dict>
			<key>isa</key>
			<string>PBXFileReference</string>
			<key>lastKnownFileType</key>
			<string>text.plist.strings</string>
			<key>name</key>
			<string>en</string>
			<key>path</key>
			<string>en.lproj/InfoPlist.strings</string>
			<key>sourceTree</key>
			<string>&lt;group&gt;</string>
		</dict>
		<key>D2BF57941980EAFD00DC8DD6</key>
		<dict>
			<key>fileRef</key>
			<string>D2BF57921980EAFD00DC8DD6</string>
			<key>isa</key>
			<string>PBXBuildFile</string>
		</dict>
		<key>D2BF57951980EAFD00DC8DD6</key>
		<dict>
			<key>isa</key>
			<string>PBXFileReference</string>
			<key>lastKnownFileType</key>
			<string>sourcecode.c.objc</string>
			<key>path</key>
			<string>BasicReactiveMVVMTests.m</string>
			<key>sourceTree</key>
			<string>&lt;group&gt;</string>
		</dict>
		<key>D2BF57961980EAFD00DC8DD6</key>
		<dict>
			<key>fileRef</key>
			<string>D2BF57951980EAFD00DC8DD6</string>
			<key>isa</key>
			<string>PBXBuildFile</string>
		</dict>
		<key>D2BF57971980EAFD00DC8DD6</key>
		<dict>
			<key>buildSettings</key>
			<dict>
				<key>ALWAYS_SEARCH_USER_PATHS</key>
				<string>NO</string>
				<key>CLANG_CXX_LANGUAGE_STANDARD</key>
				<string>gnu++0x</string>
				<key>CLANG_CXX_LIBRARY</key>
				<string>libc++</string>
				<key>CLANG_ENABLE_MODULES</key>
				<string>YES</string>
				<key>CLANG_ENABLE_OBJC_ARC</key>
				<string>YES</string>
				<key>CLANG_WARN_BOOL_CONVERSION</key>
				<string>YES</string>
				<key>CLANG_WARN_CONSTANT_CONVERSION</key>
				<string>YES</string>
				<key>CLANG_WARN_DIRECT_OBJC_ISA_USAGE</key>
				<string>YES_ERROR</string>
				<key>CLANG_WARN_EMPTY_BODY</key>
				<string>YES</string>
				<key>CLANG_WARN_ENUM_CONVERSION</key>
				<string>YES</string>
				<key>CLANG_WARN_INT_CONVERSION</key>
				<string>YES</string>
				<key>CLANG_WARN_OBJC_ROOT_CLASS</key>
				<string>YES_ERROR</string>
				<key>CLANG_WARN__DUPLICATE_METHOD_MATCH</key>
				<string>YES</string>
				<key>CODE_SIGN_IDENTITY[sdk=iphoneos*]</key>
				<string>iPhone Developer</string>
				<key>COPY_PHASE_STRIP</key>
				<string>NO</string>
				<key>GCC_C_LANGUAGE_STANDARD</key>
				<string>gnu99</string>
				<key>GCC_DYNAMIC_NO_PIC</key>
				<string>NO</string>
				<key>GCC_OPTIMIZATION_LEVEL</key>
				<string>0</string>
				<key>GCC_PREPROCESSOR_DEFINITIONS</key>
				<array>
					<string>DEBUG=1</string>
					<string>$(inherited)</string>
				</array>
				<key>GCC_SYMBOLS_PRIVATE_EXTERN</key>
				<string>NO</string>
				<key>GCC_WARN_64_TO_32_BIT_CONVERSION</key>
				<string>YES</string>
				<key>GCC_WARN_ABOUT_RETURN_TYPE</key>
				<string>YES_ERROR</string>
				<key>GCC_WARN_UNDECLARED_SELECTOR</key>
				<string>YES</string>
				<key>GCC_WARN_UNINITIALIZED_AUTOS</key>
				<string>YES_AGGRESSIVE</string>
				<key>GCC_WARN_UNUSED_FUNCTION</key>
				<string>YES</string>
				<key>GCC_WARN_UNUSED_VARIABLE</key>
				<string>YES</string>
				<key>IPHONEOS_DEPLOYMENT_TARGET</key>
				<string>7.1</string>
				<key>ONLY_ACTIVE_ARCH</key>
				<string>YES</string>
				<key>SDKROOT</key>
				<string>iphoneos</string>
			</dict>
			<key>isa</key>
			<string>XCBuildConfiguration</string>
			<key>name</key>
			<string>Debug</string>
		</dict>
		<key>D2BF57981980EAFD00DC8DD6</key>
		<dict>
			<key>buildSettings</key>
			<dict>
				<key>ALWAYS_SEARCH_USER_PATHS</key>
				<string>NO</string>
				<key>CLANG_CXX_LANGUAGE_STANDARD</key>
				<string>gnu++0x</string>
				<key>CLANG_CXX_LIBRARY</key>
				<string>libc++</string>
				<key>CLANG_ENABLE_MODULES</key>
				<string>YES</string>
				<key>CLANG_ENABLE_OBJC_ARC</key>
				<string>YES</string>
				<key>CLANG_WARN_BOOL_CONVERSION</key>
				<string>YES</string>
				<key>CLANG_WARN_CONSTANT_CONVERSION</key>
				<string>YES</string>
				<key>CLANG_WARN_DIRECT_OBJC_ISA_USAGE</key>
				<string>YES_ERROR</string>
				<key>CLANG_WARN_EMPTY_BODY</key>
				<string>YES</string>
				<key>CLANG_WARN_ENUM_CONVERSION</key>
				<string>YES</string>
				<key>CLANG_WARN_INT_CONVERSION</key>
				<string>YES</string>
				<key>CLANG_WARN_OBJC_ROOT_CLASS</key>
				<string>YES_ERROR</string>
				<key>CLANG_WARN__DUPLICATE_METHOD_MATCH</key>
				<string>YES</string>
				<key>CODE_SIGN_IDENTITY[sdk=iphoneos*]</key>
				<string>iPhone Developer</string>
				<key>COPY_PHASE_STRIP</key>
				<string>YES</string>
				<key>ENABLE_NS_ASSERTIONS</key>
				<string>NO</string>
				<key>GCC_C_LANGUAGE_STANDARD</key>
				<string>gnu99</string>
				<key>GCC_WARN_64_TO_32_BIT_CONVERSION</key>
				<string>YES</string>
				<key>GCC_WARN_ABOUT_RETURN_TYPE</key>
				<string>YES_ERROR</string>
				<key>GCC_WARN_UNDECLARED_SELECTOR</key>
				<string>YES</string>
				<key>GCC_WARN_UNINITIALIZED_AUTOS</key>
				<string>YES_AGGRESSIVE</string>
				<key>GCC_WARN_UNUSED_FUNCTION</key>
				<string>YES</string>
				<key>GCC_WARN_UNUSED_VARIABLE</key>
				<string>YES</string>
				<key>IPHONEOS_DEPLOYMENT_TARGET</key>
				<string>7.1</string>
				<key>SDKROOT</key>
				<string>iphoneos</string>
				<key>VALIDATE_PRODUCT</key>
				<string>YES</string>
			</dict>
			<key>isa</key>
			<string>XCBuildConfiguration</string>
			<key>name</key>
			<string>Release</string>
		</dict>
		<key>D2BF57991980EAFD00DC8DD6</key>
		<dict>
			<key>buildConfigurations</key>
			<array>
				<string>D2BF579A1980EAFD00DC8DD6</string>
				<string>D2BF579B1980EAFD00DC8DD6</string>
			</array>
			<key>defaultConfigurationIsVisible</key>
			<string>0</string>
			<key>isa</key>
			<string>XCConfigurationList</string>
		</dict>
		<key>D2BF579A1980EAFD00DC8DD6</key>
		<dict>
			<key>baseConfigurationReference</key>
			<string>722D361C25C44099A4F9930D</string>
			<key>buildSettings</key>
			<dict>
				<key>ASSETCATALOG_COMPILER_APPICON_NAME</key>
				<string>AppIcon</string>
				<key>ASSETCATALOG_COMPILER_LAUNCHIMAGE_NAME</key>
				<string>LaunchImage</string>
				<key>GCC_PRECOMPILE_PREFIX_HEADER</key>
				<string>YES</string>
				<key>GCC_PREFIX_HEADER</key>
				<string>BasicReactiveMVVM/BasicReactiveMVVM-Prefix.pch</string>
				<key>INFOPLIST_FILE</key>
				<string>BasicReactiveMVVM/BasicReactiveMVVM-Info.plist</string>
				<key>PRODUCT_NAME</key>
				<string>$(TARGET_NAME)</string>
				<key>WRAPPER_EXTENSION</key>
				<string>app</string>
			</dict>
			<key>isa</key>
			<string>XCBuildConfiguration</string>
			<key>name</key>
			<string>Debug</string>
		</dict>
		<key>D2BF579B1980EAFD00DC8DD6</key>
		<dict>
			<key>baseConfigurationReference</key>
			<string>722D361C25C44099A4F9930D</string>
			<key>buildSettings</key>
			<dict>
				<key>ASSETCATALOG_COMPILER_APPICON_NAME</key>
				<string>AppIcon</string>
				<key>ASSETCATALOG_COMPILER_LAUNCHIMAGE_NAME</key>
				<string>LaunchImage</string>
				<key>GCC_PRECOMPILE_PREFIX_HEADER</key>
				<string>YES</string>
				<key>GCC_PREFIX_HEADER</key>
				<string>BasicReactiveMVVM/BasicReactiveMVVM-Prefix.pch</string>
				<key>INFOPLIST_FILE</key>
				<string>BasicReactiveMVVM/BasicReactiveMVVM-Info.plist</string>
				<key>PRODUCT_NAME</key>
				<string>$(TARGET_NAME)</string>
				<key>WRAPPER_EXTENSION</key>
				<string>app</string>
			</dict>
			<key>isa</key>
			<string>XCBuildConfiguration</string>
			<key>name</key>
			<string>Release</string>
		</dict>
		<key>D2BF579C1980EAFD00DC8DD6</key>
		<dict>
			<key>buildConfigurations</key>
			<array>
				<string>D2BF579D1980EAFD00DC8DD6</string>
				<string>D2BF579E1980EAFD00DC8DD6</string>
			</array>
			<key>defaultConfigurationIsVisible</key>
			<string>0</string>
			<key>isa</key>
			<string>XCConfigurationList</string>
		</dict>
		<key>D2BF579D1980EAFD00DC8DD6</key>
		<dict>
			<key>buildSettings</key>
			<dict>
				<key>BUNDLE_LOADER</key>
				<string>$(BUILT_PRODUCTS_DIR)/BasicReactiveMVVM.app/BasicReactiveMVVM</string>
				<key>FRAMEWORK_SEARCH_PATHS</key>
				<array>
					<string>$(SDKROOT)/Developer/Library/Frameworks</string>
					<string>$(inherited)</string>
					<string>$(DEVELOPER_FRAMEWORKS_DIR)</string>
				</array>
				<key>GCC_PRECOMPILE_PREFIX_HEADER</key>
				<string>YES</string>
				<key>GCC_PREFIX_HEADER</key>
				<string>BasicReactiveMVVM/BasicReactiveMVVM-Prefix.pch</string>
				<key>GCC_PREPROCESSOR_DEFINITIONS</key>
				<array>
					<string>DEBUG=1</string>
					<string>$(inherited)</string>
				</array>
				<key>INFOPLIST_FILE</key>
				<string>BasicReactiveMVVMTests/BasicReactiveMVVMTests-Info.plist</string>
				<key>PRODUCT_NAME</key>
				<string>$(TARGET_NAME)</string>
				<key>TEST_HOST</key>
				<string>$(BUNDLE_LOADER)</string>
				<key>WRAPPER_EXTENSION</key>
				<string>xctest</string>
			</dict>
			<key>isa</key>
			<string>XCBuildConfiguration</string>
			<key>name</key>
			<string>Debug</string>
		</dict>
		<key>D2BF579E1980EAFD00DC8DD6</key>
		<dict>
			<key>buildSettings</key>
			<dict>
				<key>BUNDLE_LOADER</key>
				<string>$(BUILT_PRODUCTS_DIR)/BasicReactiveMVVM.app/BasicReactiveMVVM</string>
				<key>FRAMEWORK_SEARCH_PATHS</key>
				<array>
					<string>$(SDKROOT)/Developer/Library/Frameworks</string>
					<string>$(inherited)</string>
					<string>$(DEVELOPER_FRAMEWORKS_DIR)</string>
				</array>
				<key>GCC_PRECOMPILE_PREFIX_HEADER</key>
				<string>YES</string>
				<key>GCC_PREFIX_HEADER</key>
				<string>BasicReactiveMVVM/BasicReactiveMVVM-Prefix.pch</string>
				<key>INFOPLIST_FILE</key>
				<string>BasicReactiveMVVMTests/BasicReactiveMVVMTests-Info.plist</string>
				<key>PRODUCT_NAME</key>
				<string>$(TARGET_NAME)</string>
				<key>TEST_HOST</key>
				<string>$(BUNDLE_LOADER)</string>
				<key>WRAPPER_EXTENSION</key>
				<string>xctest</string>
			</dict>
			<key>isa</key>
			<string>XCBuildConfiguration</string>
			<key>name</key>
			<string>Release</string>
		</dict>
		<key>D2BF579F1980ED6D00DC8DD6</key>
		<dict>
			<key>children</key>
			<array/>
			<key>isa</key>
			<string>PBXGroup</string>
			<key>name</key>
			<string>Model</string>
			<key>sourceTree</key>
			<string>&lt;group&gt;</string>
		</dict>
		<key>D2BF57A01980ED7300DC8DD6</key>
		<dict>
			<key>children</key>
			<array>
				<string>D2BF57A31980EDA800DC8DD6</string>
				<string>D2BF57A21980ED9800DC8DD6</string>
			</array>
			<key>isa</key>
			<string>PBXGroup</string>
			<key>name</key>
			<string>View</string>
			<key>sourceTree</key>
			<string>&lt;group&gt;</string>
		</dict>
		<key>D2BF57A11980ED7600DC8DD6</key>
		<dict>
			<key>children</key>
			<array>
				<string>D2BF57B41980F47100DC8DD6</string>
			</array>
			<key>isa</key>
			<string>PBXGroup</string>
			<key>name</key>
			<string>ViewModel</string>
			<key>sourceTree</key>
			<string>&lt;group&gt;</string>
		</dict>
		<key>D2BF57A21980ED9800DC8DD6</key>
		<dict>
			<key>children</key>
			<array/>
			<key>isa</key>
			<string>PBXGroup</string>
			<key>name</key>
			<string>Views</string>
			<key>sourceTree</key>
			<string>&lt;group&gt;</string>
		</dict>
		<key>D2BF57A31980EDA800DC8DD6</key>
		<dict>
			<key>children</key>
			<array>
				<string>D2BF57A71980EF6600DC8DD6</string>
				<string>D2BF57AB1980EF8D00DC8DD6</string>
			</array>
			<key>isa</key>
			<string>PBXGroup</string>
			<key>name</key>
			<string>Controllers</string>
			<key>sourceTree</key>
			<string>&lt;group&gt;</string>
		</dict>
		<key>D2BF57A41980EF5F00DC8DD6</key>
		<dict>
			<key>fileEncoding</key>
			<string>4</string>
			<key>isa</key>
			<string>PBXFileReference</string>
			<key>lastKnownFileType</key>
			<string>sourcecode.c.h</string>
			<key>path</key>
			<string>TMHomeViewController.h</string>
			<key>sourceTree</key>
			<string>&lt;group&gt;</string>
		</dict>
		<key>D2BF57A51980EF5F00DC8DD6</key>
		<dict>
			<key>fileEncoding</key>
			<string>4</string>
			<key>isa</key>
			<string>PBXFileReference</string>
			<key>lastKnownFileType</key>
			<string>sourcecode.c.objc</string>
			<key>path</key>
			<string>TMHomeViewController.m</string>
			<key>sourceTree</key>
			<string>&lt;group&gt;</string>
		</dict>
		<key>D2BF57A61980EF5F00DC8DD6</key>
		<dict>
			<key>fileRef</key>
			<string>D2BF57A51980EF5F00DC8DD6</string>
			<key>isa</key>
			<string>PBXBuildFile</string>
		</dict>
		<key>D2BF57A71980EF6600DC8DD6</key>
		<dict>
			<key>children</key>
			<array>
				<string>D2BF57A41980EF5F00DC8DD6</string>
				<string>D2BF57A51980EF5F00DC8DD6</string>
			</array>
			<key>isa</key>
			<string>PBXGroup</string>
			<key>name</key>
			<string>HomeViewController</string>
			<key>sourceTree</key>
			<string>&lt;group&gt;</string>
		</dict>
		<key>D2BF57A81980EF8300DC8DD6</key>
		<dict>
			<key>fileEncoding</key>
			<string>4</string>
			<key>isa</key>
			<string>PBXFileReference</string>
			<key>lastKnownFileType</key>
			<string>sourcecode.c.h</string>
			<key>path</key>
			<string>TMResultsViewController.h</string>
			<key>sourceTree</key>
			<string>&lt;group&gt;</string>
		</dict>
		<key>D2BF57A91980EF8300DC8DD6</key>
		<dict>
			<key>fileEncoding</key>
			<string>4</string>
			<key>isa</key>
			<string>PBXFileReference</string>
			<key>lastKnownFileType</key>
			<string>sourcecode.c.objc</string>
			<key>path</key>
			<string>TMResultsViewController.m</string>
			<key>sourceTree</key>
			<string>&lt;group&gt;</string>
		</dict>
		<key>D2BF57AA1980EF8300DC8DD6</key>
		<dict>
			<key>fileRef</key>
			<string>D2BF57A91980EF8300DC8DD6</string>
			<key>isa</key>
			<string>PBXBuildFile</string>
		</dict>
		<key>D2BF57AB1980EF8D00DC8DD6</key>
		<dict>
			<key>children</key>
			<array>
				<string>D2BF57A81980EF8300DC8DD6</string>
				<string>D2BF57A91980EF8300DC8DD6</string>
			</array>
			<key>isa</key>
			<string>PBXGroup</string>
			<key>name</key>
			<string>ResultsViewController</string>
			<key>sourceTree</key>
			<string>&lt;group&gt;</string>
		</dict>
		<key>D2BF57B41980F47100DC8DD6</key>
		<dict>
			<key>children</key>
			<array>
				<string>D2BF57B51980F48900DC8DD6</string>
				<string>D2BF57B61980F48900DC8DD6</string>
			</array>
			<key>isa</key>
			<string>PBXGroup</string>
			<key>name</key>
			<string>SearchViewModel</string>
			<key>sourceTree</key>
			<string>&lt;group&gt;</string>
		</dict>
		<key>D2BF57B51980F48900DC8DD6</key>
		<dict>
			<key>fileEncoding</key>
			<string>4</string>
			<key>isa</key>
			<string>PBXFileReference</string>
			<key>lastKnownFileType</key>
			<string>sourcecode.c.h</string>
			<key>path</key>
			<string>TMSearchViewModel.h</string>
			<key>sourceTree</key>
			<string>&lt;group&gt;</string>
		</dict>
		<key>D2BF57B61980F48900DC8DD6</key>
		<dict>
			<key>fileEncoding</key>
			<string>4</string>
			<key>isa</key>
			<string>PBXFileReference</string>
			<key>lastKnownFileType</key>
			<string>sourcecode.c.objc</string>
			<key>path</key>
			<string>TMSearchViewModel.m</string>
			<key>sourceTree</key>
			<string>&lt;group&gt;</string>
		</dict>
		<key>D2BF57B71980F48900DC8DD6</key>
		<dict>
			<key>fileRef</key>
			<string>D2BF57B61980F48900DC8DD6</string>
			<key>isa</key>
			<string>PBXBuildFile</string>
		</dict>
		<key>DE34A3574B124FA2BBE4B213</key>
		<dict>
			<key>buildActionMask</key>
			<string>2147483647</string>
			<key>files</key>
			<array/>
			<key>inputPaths</key>
			<array/>
			<key>isa</key>
			<string>PBXShellScriptBuildPhase</string>
			<key>name</key>
			<string>Copy Pods Resources</string>
			<key>outputPaths</key>
			<array/>
			<key>runOnlyForDeploymentPostprocessing</key>
			<string>0</string>
			<key>shellPath</key>
			<string>/bin/sh</string>
			<key>shellScript</key>
			<string>"${SRCROOT}/Pods/Pods-resources.sh"
</string>
			<key>showEnvVarsInLog</key>
			<string>0</string>
		</dict>
		<key>DEFE6918E5DB40C19293DDD8</key>
		<dict>
			<key>fileRef</key>
			<string>99207A5BDB484EB3962D7299</string>
			<key>isa</key>
			<string>PBXBuildFile</string>
		</dict>
	</dict>
	<key>rootObject</key>
	<string>D2BF575C1980EAFC00DC8DD6</string>
</dict>
</plist>
